
Microsoft Visual Studio Solution File, Format Version 12.00
# Visual Studio Version 17
VisualStudioVersion = 17.10.35013.160
MinimumVisualStudioVersion = 10.0.40219.1
Project("{9A19103F-16F7-4668-BE54-9A1E7A4F7556}") = "WeatherApp", "WeatherApp.csproj", "{31D66BEF-B7CA-4BE6-9C9B-4F722735E1F2}"
EndProject
Global
	GlobalSection(SolutionConfigurationPlatforms) = preSolution
		Debug|Any CPU = Debug|Any CPU
		Release|Any CPU = Release|Any CPU
	EndGlobalSection
	GlobalSection(ProjectConfigurationPlatforms) = postSolution
		{31D66BEF-B7CA-4BE6-9C9B-4F722735E1F2}.Debug|Any CPU.ActiveCfg = Debug|Any CPU
		{31D66BEF-B7CA-4BE6-9C9B-4F722735E1F2}.Debug|Any CPU.Build.0 = Debug|Any CPU
		{31D66BEF-B7CA-4BE6-9C9B-4F722735E1F2}.Release|Any CPU.ActiveCfg = Release|Any CPU
		{31D66BEF-B7CA-4BE6-9C9B-4F722735E1F2}.Release|Any CPU.Build.0 = Release|Any CPU
	EndGlobalSection
	GlobalSection(SolutionProperties) = preSolution
		HideSolutionNode = FALSE
	EndGlobalSection
	GlobalSection(ExtensibilityGlobals) = postSolution
		SolutionGuid = {C73F57CE-8739-4515-A39F-57ED332204CB}
	EndGlobalSection
EndGlobal
